
Microsoft Visual Studio Solution File, Format Version 12.00
# Visual Studio Version 17
VisualStudioVersion = 17.4.33110.190
MinimumVisualStudioVersion = 10.0.40219.1
Project("{8BC9CEB8-8B4A-11D0-8D11-00A0C91BC942}") = "InjectDll", "InjectDll.vcxproj", "{6707C3F2-B20B-49A9-A442-CF257473F64C}"
EndProject
Global
	GlobalSection(SolutionConfigurationPlatforms) = preSolution
		Debug|x64 = Debug|x64
		Debug|x86 = Debug|x86
		Release|x64 = Release|x64
		Release|x86 = Release|x86
	EndGlobalSection
	GlobalSection(ProjectConfigurationPlatforms) = postSolution
		{6707C3F2-B20B-49A9-A442-CF257473F64C}.Debug|x64.ActiveCfg = Debug|x64
		{6707C3F2-B20B-49A9-A442-CF257473F64C}.Debug|x64.Build.0 = Debug|x64
		{6707C3F2-B20B-49A9-A442-CF257473F64C}.Debug|x86.ActiveCfg = Debug|Win32
		{6707C3F2-B20B-49A9-A442-CF257473F64C}.Debug|x86.Build.0 = Debug|Win32
		{6707C3F2-B20B-49A9-A442-CF257473F64C}.Release|x64.ActiveCfg = Release|x64
		{6707C3F2-B20B-49A9-A442-CF257473F64C}.Release|x64.Build.0 = Release|x64
		{6707C3F2-B20B-49A9-A442-CF257473F64C}.Release|x86.ActiveCfg = Release|Win32
		{6707C3F2-B20B-49A9-A442-CF257473F64C}.Release|x86.Build.0 = Release|Win32
	EndGlobalSection
	GlobalSection(SolutionProperties) = preSolution
		HideSolutionNode = FALSE
	EndGlobalSection
	GlobalSection(ExtensibilityGlobals) = postSolution
		SolutionGuid = {B8B573B8-D583-49F2-8937-0FEB4957845E}
	EndGlobalSection
EndGlobal
